Microsoft Visual Studio Solution File, Format Version 12.00
# Visual Studio Version 17
VisualStudioVersion = 17.4.33213.308
MinimumVisualStudioVersion = 10.0.40219.1
Project("{9A19103F-16F7-4668-BE54-9A1E7A4F7556}") = "Lesson2.Store", "Lesson2.Store\Lesson2.Store.csproj", "{5979ED6A-CBF6-4BB8-BE19-4810412E3D0C}"
EndProject
Project("{9A19103F-16F7-4668-BE54-9A1E7A4F7556}") = "Lesson2.UserCard", "Lesson2.UserCard\Lesson2.UserCard.csproj", "{7E40B9B9-09A7-43BE-903B-61E3FB4382D5}"
EndProject
Global
	GlobalSection(SolutionConfigurationPlatforms) = preSolution
		Debug|Any CPU = Debug|Any CPU
		Release|Any CPU = Release|Any CPU
	EndGlobalSection
	GlobalSection(ProjectConfigurationPlatforms) = postSolution
		{5979ED6A-CBF6-4BB8-BE19-4810412E3D0C}.Debug|Any CPU.ActiveCfg = Debug|Any CPU
		{5979ED6A-CBF6-4BB8-BE19-4810412E3D0C}.Debug|Any CPU.Build.0 = Debug|Any CPU
		{5979ED6A-CBF6-4BB8-BE19-4810412E3D0C}.Release|Any CPU.ActiveCfg = Release|Any CPU
		{5979ED6A-CBF6-4BB8-BE19-4810412E3D0C}.Release|Any CPU.Build.0 = Release|Any CPU
		{7E40B9B9-09A7-43BE-903B-61E3FB4382D5}.Debug|Any CPU.ActiveCfg = Debug|Any CPU
		{7E40B9B9-09A7-43BE-903B-61E3FB4382D5}.Debug|Any CPU.Build.0 = Debug|Any CPU
		{7E40B9B9-09A7-43BE-903B-61E3FB4382D5}.Release|Any CPU.ActiveCfg = Release|Any CPU
		{7E40B9B9-09A7-43BE-903B-61E3FB4382D5}.Release|Any CPU.Build.0 = Release|Any CPU
	EndGlobalSection
	GlobalSection(SolutionProperties) = preSolution
		HideSolutionNode = FALSE
	EndGlobalSection
	GlobalSection(ExtensibilityGlobals) = postSolution
		SolutionGuid = {92E220C6-D951-4363-97FE-D90F91C7CECA}
	EndGlobalSection
EndGlobal
